
Microsoft Visual Studio Solution File, Format Version 12.00
# Visual Studio Version 16
VisualStudioVersion = 16.0.33328.57
MinimumVisualStudioVersion = 10.0.40219.1
Project("{FAE04EC0-301F-11D3-BF4B-00C04F79EFBC}") = "BookStore2207", "BookStore2207\BookStore2207.csproj", "{3129F1EE-E7F0-4B7F-8B4B-45C8F7F0DA0C}"
EndProject
Global
	GlobalSection(SolutionConfigurationPlatforms) = preSolution
		Debug|Any CPU = Debug|Any CPU
		Release|Any CPU = Release|Any CPU
	EndGlobalSection
	GlobalSection(ProjectConfigurationPlatforms) = postSolution
		{3129F1EE-E7F0-4B7F-8B4B-45C8F7F0DA0C}.Debug|Any CPU.ActiveCfg = Debug|Any CPU
		{3129F1EE-E7F0-4B7F-8B4B-45C8F7F0DA0C}.Debug|Any CPU.Build.0 = Debug|Any CPU
		{3129F1EE-E7F0-4B7F-8B4B-45C8F7F0DA0C}.Release|Any CPU.ActiveCfg = Release|Any CPU
		{3129F1EE-E7F0-4B7F-8B4B-45C8F7F0DA0C}.Release|Any CPU.Build.0 = Release|Any CPU
	EndGlobalSection
	GlobalSection(SolutionProperties) = preSolution
		HideSolutionNode = FALSE
	EndGlobalSection
	GlobalSection(ExtensibilityGlobals) = postSolution
		SolutionGuid = {F0D108C8-D0BF-480D-BAB5-6940A902A2A8}
	EndGlobalSection
EndGlobal
